
Microsoft Visual Studio Solution File, Format Version 12.00
# Visual Studio Version 17
VisualStudioVersion = 17.11.35327.3
MinimumVisualStudioVersion = 10.0.40219.1
Project("{FAE04EC0-301F-11D3-BF4B-00C04F79EFBC}") = "lomba", "lomba\lomba.csproj", "{D66D28BE-ED5D-46DB-977A-2506A04AD04E}"
EndProject
Global
	GlobalSection(SolutionConfigurationPlatforms) = preSolution
		Debug|Any CPU = Debug|Any CPU
		Release|Any CPU = Release|Any CPU
	EndGlobalSection
	GlobalSection(ProjectConfigurationPlatforms) = postSolution
		{D66D28BE-ED5D-46DB-977A-2506A04AD04E}.Debug|Any CPU.ActiveCfg = Debug|Any CPU
		{D66D28BE-ED5D-46DB-977A-2506A04AD04E}.Debug|Any CPU.Build.0 = Debug|Any CPU
		{D66D28BE-ED5D-46DB-977A-2506A04AD04E}.Release|Any CPU.ActiveCfg = Release|Any CPU
		{D66D28BE-ED5D-46DB-977A-2506A04AD04E}.Release|Any CPU.Build.0 = Release|Any CPU
	EndGlobalSection
	GlobalSection(SolutionProperties) = preSolution
		HideSolutionNode = FALSE
	EndGlobalSection
	GlobalSection(ExtensibilityGlobals) = postSolution
		SolutionGuid = {46158524-B293-4C45-BFDE-78DFB66275BD}
	EndGlobalSection
EndGlobal
